{
  "name": "container",
  "lockfileVersion": 3,
  "requires": true,
  "packages": {
    "": {
      "dependencies": {
        "discord.js": "^13.17.1",
        "discord.js-selfbot-v13": "^3.1.4"
      }
    },
    "node_modules/@aikochan2k6/qrcode-terminal": {
      "version": "0.12.1",
      "resolved": "https://registry.npmjs.org/@aikochan2k6/qrcode-terminal/-/qrcode-terminal-0.12.1.tgz",
      "integrity": "sha512-GfSrCCqKti0XyomCOaFRL//dnEpDux4tJleywuYChjHue+pqjM0lP39cQq8qtmfcOm1CqhWQeB6JS6kY4tQ8Tw=="
    },
    "node_modules/@discordjs/builders": {
      "version": "0.16.0",
      "resolved": "https://registry.npmjs.org/@discordjs/builders/-/builders-0.16.0.tgz",
      "integrity": "sha512-9/NCiZrLivgRub2/kBc0Vm5pMBE5AUdYbdXsLu/yg9ANgvnaJ0bZKTY8yYnLbsEc/LYUP79lEIdC73qEYhWq7A==",
      "deprecated": "no longer supported",
      "dependencies": {
        "@sapphire/shapeshift": "^3.5.1",
        "discord-api-types": "^0.36.2",
        "fast-deep-equal": "^3.1.3",
        "ts-mixer": "^6.0.1",
        "tslib": "^2.4.0"
      },
      "engines": {
        "node": ">=16.9.0"
      }
    },
    "node_modules/@discordjs/builders/node_modules/discord-api-types": {
      "version": "0.36.3",
      "resolved": "https://registry.npmjs.org/discord-api-types/-/discord-api-types-0.36.3.tgz",
      "integrity": "sha512-bz/NDyG0KBo/tY14vSkrwQ/n3HKPf87a0WFW/1M9+tXYK+vp5Z5EksawfCWo2zkAc6o7CClc0eff1Pjrqznlwg=="
    },
    "node_modules/@discordjs/collection": {

